// !$*UTF8*$!
{
	archiveVersion = 1;
	classes = {
	};
	objectVersion = 46;
	objects = {

/* Begin PBXBuildFile section */
		8E1582881F6BA6B20008567A /* RatingControl.swift in Sources */ = {isa = PBXBuildFile; fileRef = 8E1582871F6BA6B20008567A /* RatingControl.swift */; };
		8E15828A1F6CD3810008567A /* Professor.swift in Sources */ = {isa = PBXBuildFile; fileRef = 8E1582891F6CD3810008567A /* Professor.swift */; };
		8EECC9051F6B722000E30C82 /* AppDelegate.swift in Sources */ = {isa = PBXBuildFile; fileRef = 8EECC9041F6B722000E30C82 /* AppDelegate.swift */; };
		8EECC9071F6B722000E30C82 /* ViewController.swift in Sources */ = {isa = PBXBuildFile; fileRef = 8EECC9061F6B722000E30C82 /* ViewController.swift */; };
		8EECC90A1F6B722000E30C82 /* Main.storyboard in Resources */ = {isa = PBXBuildFile; fileRef = 8EECC9081F6B722000E30C82 /* Main.storyboard */; };
		8EECC90C1F6B722000E30C82 /* Assets.xcassets in Resources */ = {isa = PBXBuildFile; fileRef = 8EECC90B1F6B722000E30C82 /* Assets.xcassets */; };
		8EECC90F1F6B722000E30C82 /* LaunchScreen.storyboard in Resources */ = {isa = PBXBuildFile; fileRef = 8EECC90D1F6B722000E30C82 /* LaunchScreen.storyboard */; };
		8EECC91A1F6B722000E30C82 /* practiceAppTests.swift in Sources */ = {isa = PBXBuildFile; fileRef = 8EECC9191F6B722000E30C82 /* practiceAppTests.swift */; };
		8EECC9251F6B722000E30C82 /* practiceAppUITests.swift in Sources */ = {isa = PBXBuildFile; fileRef = 8EECC9241F6B722000E30C82 /* practiceAppUITests.swift */; };
/* End PBXBuildFile section */

/* Begin PBXContainerItemProxy section */
		8EECC9161F6B722000E30C82 /* PBXContainerItemProxy */ = {
			isa = PBXContainerItemProxy;
			containerPortal = 8EECC8F91F6B722000E30C82 /* Project object */;
			proxyType = 1;
			remoteGlobalIDString = 8EECC9001F6B722000E30C82;
			remoteInfo = practiceApp;
		};
		8EECC9211F6B722000E30C82 /* PBXContainerItemProxy */ = {
			isa = PBXContainerItemProxy;
			containerPortal = 8EECC8F91F6B722000E30C82 /* Project object */;
			proxyType = 1;
			remoteGlobalIDString = 8EECC9001F6B722000E30C82;
			remoteInfo = practiceApp;
		};
/* End PBXContainerItemProxy section */

/* Begin PBXFileReference section */
		8E1582871F6BA6B20008567A /* RatingControl.swift */ = {isa = PBXFileReference; fileEncoding = 4; lastKnownFileType = sourcecode.swift; path = RatingControl.swift; sourceTree = "<group>"; };
		8E1582891F6CD3810008567A /* Professor.swift */ = {isa = PBXFileReference; fileEncoding = 4; lastKnownFileType = sourcecode.swift; path = Professor.swift; sourceTree = "<group>"; };
		8EECC9011F6B722000E30C82 /* practiceApp.app */ = {isa = PBXFileReference; explicitFileType = wrapper.application; includeInIndex = 0; path = practiceApp.app; sourceTree = BUILT_PRODUCTS_DIR; };
		8EECC9041F6B722000E30C82 /* AppDelegate.swift */ = {isa = PBXFileReference; lastKnownFileType = sourcecode.swift; path = AppDelegate.swift; sourceTree = "<group>"; };
		8EECC9061F6B722000E30C82 /* ViewController.swift */ = {isa = PBXFileReference; lastKnownFileType = sourcecode.swift; path = ViewController.swift; sourceTree = "<group>"; };
		8EECC9091F6B722000E30C82 /* Base */ = {isa = PBXFileReference; lastKnownFileType = file.storyboard; name = Base; path = Base.lproj/Main.storyboard; sourceTree = "<group>"; };
		8EECC90B1F6B722000E30C82 /* Assets.xcassets */ = {isa = PBXFileReference; lastKnownFileType = folder.assetcatalog; path = Assets.xcassets; sourceTree = "<group>"; };
		8EECC90E1F6B722000E30C82 /* Base */ = {isa = PBXFileReference; lastKnownFileType = file.storyboard; name = Base; path = Base.lproj/LaunchScreen.storyboard; sourceTree = "<group>"; };
		8EECC9101F6B722000E30C82 /* Info.plist */ = {isa = PBXFileReference; lastKnownFileType = text.plist.xml; path = Info.plist; sourceTree = "<group>"; };
		8EECC9151F6B722000E30C82 /* practiceAppTests.xctest */ = {isa = PBXFileReference; explicitFileType = wrapper.cfbundle; includeInIndex = 0; path = practiceAppTests.xctest; sourceTree = BUILT_PRODUCTS_DIR; };
		8EECC9191F6B722000E30C82 /* practiceAppTests.swift */ = {isa = PBXFileReference; lastKnownFileType = sourcecode.swift; path = practiceAppTests.swift; sourceTree = "<group>"; };
		8EECC91B1F6B722000E30C82 /* Info.plist */ = {isa = PBXFileReference; lastKnownFileType = text.plist.xml; path = Info.plist; sourceTree = "<group>"; };
		8EECC9201F6B722000E30C82 /* practiceAppUITests.xctest */ = {isa = PBXFileReference; explicitFileType = wrapper.cfbundle; includeInIndex = 0; path = practiceAppUITests.xctest; sourceTree = BUILT_PRODUCTS_DIR; };
		8EECC9241F6B722000E30C82 /* practiceAppUITests.swift */ = {isa = PBXFileReference; lastKnownFileType = sourcecode.swift; path = practiceAppUITests.swift; sourceTree = "<group>"; };
		8EECC9261F6B722000E30C82 /* Info.plist */ = {isa = PBXFileReference; lastKnownFileType = text.plist.xml; path = Info.plist; sourceTree = "<group>"; };
/* End PBXFileReference section */

/* Begin PBXFrameworksBuildPhase section */
		8EECC8FE1F6B722000E30C82 /* Frameworks */ = {
			isa = PBXFrameworksBuildPhase;
			buildActionMask = 2147483647;
			files = (
			);
			runOnlyForDeploymentPostprocessing = 0;
		};
		8EECC9121F6B722000E30C82 /* Frameworks */ = {
			isa = PBXFrameworksBuildPhase;
			buildActionMask = 2147483647;
			files = (
			);
			runOnlyForDeploymentPostprocessing = 0;
		};
		8EECC91D1F6B722000E30C82 /* Frameworks */ = {
			isa = PBXFrameworksBuildPhase;
			buildActionMask = 2147483647;
			files = (
			);
			runOnlyForDeploymentPostprocessing = 0;
		};
/* End PBXFrameworksBuildPhase section */

/* Begin PBXGroup section */
		8EECC8F81F6B722000E30C82 = {
			isa = PBXGroup;
			children = (
				8EECC9031F6B722000E30C82 /* practiceApp */,
				8EECC9181F6B722000E30C82 /* practiceAppTests */,
				8EECC9231F6B722000E30C82 /* practiceAppUITests */,
				8EECC9021F6B722000E30C82 /* Products */,
			);
			sourceTree = "<group>";
		};
		8EECC9021F6B722000E30C82 /* Products */ = {
			isa = PBXGroup;
			children = (
				8EECC9011F6B722000E30C82 /* practiceApp.app */,
				8EECC9151F6B722000E30C82 /* practiceAppTests.xctest */,
				8EECC9201F6B722000E30C82 /* practiceAppUITests.xctest */,
			);
			name = Products;
			sourceTree = "<group>";
		};
		8EECC9031F6B722000E30C82 /* practiceApp */ = {
			isa = PBXGroup;
			children = (
				8EECC9041F6B722000E30C82 /* AppDelegate.swift */,
				8EECC9061F6B722000E30C82 /* ViewController.swift */,
				8E1582891F6CD3810008567A /* Professor.swift */,
				8E1582871F6BA6B20008567A /* RatingControl.swift */,
				8EECC9081F6B722000E30C82 /* Main.storyboard */,
				8EECC90B1F6B722000E30C82 /* Assets.xcassets */,
				8EECC90D1F6B722000E30C82 /* LaunchScreen.storyboard */,
				8EECC9101F6B722000E30C82 /* Info.plist */,
			);
			path = practiceApp;
			sourceTree = "<group>";
		};
		8EECC9181F6B722000E30C82 /* practiceAppTests */ = {
			isa = PBXGroup;
			children = (
				8EECC9191F6B722000E30C82 /* practiceAppTests.swift */,
				8EECC91B1F6B722000E30C82 /* Info.plist */,
			);
			path = practiceAppTests;
			sourceTree = "<group>";
		};
		8EECC9231F6B722000E30C82 /* practiceAppUITests */ = {
			isa = PBXGroup;
			children = (
				8EECC9241F6B722000E30C82 /* practiceAppUITests.swift */,
				8EECC9261F6B722000E30C82 /* Info.plist */,
			);
			path = practiceAppUITests;
			sourceTree = "<group>";
		};
/* End PBXGroup section */

/* Begin PBXNativeTarget section */
		8EECC9001F6B722000E30C82 /* practiceApp */ = {
			isa = PBXNativeTarget;
			buildConfigurationList = 8EECC9291F6B722000E30C82 /* Build configuration list for PBXNativeTarget "practiceApp" */;
			buildPhases = (
				8EECC8FD1F6B722000E30C82 /* Sources */,
				8EECC8FE1F6B722000E30C82 /* Frameworks */,
				8EECC8FF1F6B722000E30C82 /* Resources */,
			);
			buildRules = (
			);
			dependencies = (
			);
			name = practiceApp;
			productName = practiceApp;
			productReference = 8EECC9011F6B722000E30C82 /* practiceApp.app */;
			productType = "com.apple.product-type.application";
		};
		8EECC9141F6B722000E30C82 /* practiceAppTests */ = {
			isa = PBXNativeTarget;
			buildConfigurationList = 8EECC92C1F6B722000E30C82 /* Build configuration list for PBXNativeTarget "practiceAppTests" */;
			buildPhases = (
				8EECC9111F6B722000E30C82 /* Sources */,
				8EECC9121F6B722000E30C82 /* Frameworks */,
				8EECC9131F6B722000E30C82 /* Resources */,
			);
			buildRules = (
			);
			dependencies = (
				8EECC9171F6B722000E30C82 /* PBXTargetDependency */,
			);
			name = practiceAppTests;
			productName = practiceAppTests;
			productReference = 8EECC9151F6B722000E30C82 /* practiceAppTests.xctest */;
			productType = "com.apple.product-type.bundle.unit-test";
		};
		8EECC91F1F6B722000E30C82 /* practiceAppUITests */ = {
			isa = PBXNativeTarget;
			buildConfigurationList = 8EECC92F1F6B722000E30C82 /* Build configuration list for PBXNativeTarget "practiceAppUITests" */;
			buildPhases = (
				8EECC91C1F6B722000E30C82 /* Sources */,
				8EECC91D1F6B722000E30C82 /* Frameworks */,
				8EECC91E1F6B722000E30C82 /* Resources */,
			);
			buildRules = (
			);
			dependencies = (
				8EECC9221F6B722000E30C82 /* PBXTargetDependency */,
			);
			name = practiceAppUITests;
			productName = practiceAppUITests;
			productReference = 8EECC9201F6B722000E30C82 /* practiceAppUITests.xctest */;
			productType = "com.apple.product-type.bundle.ui-testing";
		};
/* End PBXNativeTarget section */

/* Begin PBXProject section */
		8EECC8F91F6B722000E30C82 /* Project object */ = {
			isa = PBXProject;
			attributes = {
				LastSwiftUpdateCheck = 0830;
				LastUpgradeCheck = 0830;
				ORGANIZATIONNAME = "Korman Chen";
				TargetAttributes = {
					8EECC9001F6B722000E30C82 = {
						CreatedOnToolsVersion = 8.3.3;
						ProvisioningStyle = Automatic;
					};
					8EECC9141F6B722000E30C82 = {
						CreatedOnToolsVersion = 8.3.3;
						ProvisioningStyle = Automatic;
						TestTargetID = 8EECC9001F6B722000E30C82;
					};
					8EECC91F1F6B722000E30C82 = {
						CreatedOnToolsVersion = 8.3.3;
						ProvisioningStyle = Automatic;
						TestTargetID = 8EECC9001F6B722000E30C82;
					};
				};
			};
			buildConfigurationList = 8EECC8FC1F6B722000E30C82 /* Build configuration list for PBXProject "practiceApp" */;
			compatibilityVersion = "Xcode 3.2";
			developmentRegion = English;
			hasScannedForEncodings = 0;
			knownRegions = (
				en,
				Base,
			);
			mainGroup = 8EECC8F81F6B722000E30C82;
			productRefGroup = 8EECC9021F6B722000E30C82 /* Products */;
			projectDirPath = "";
			projectRoot = "";
			targets = (
				8EECC9001F6B722000E30C82 /* practiceApp */,
				8EECC9141F6B722000E30C82 /* practiceAppTests */,
				8EECC91F1F6B722000E30C82 /* practiceAppUITests */,
			);
		};
/* End PBXProject section */

/* Begin PBXResourcesBuildPhase section */
		8EECC8FF1F6B722000E30C82 /* Resources */ = {
			isa = PBXResourcesBuildPhase;
			buildActionMask = 2147483647;
			files = (
				8EECC90F1F6B722000E30C82 /* LaunchScreen.storyboard in Resources */,
				8EECC90C1F6B722000E30C82 /* Assets.xcassets in Resources */,
				8EECC90A1F6B722000E30C82 /* Main.storyboard in Resources */,
			);
			runOnlyForDeploymentPostprocessing = 0;
		};
		8EECC9131F6B722000E30C82 /* Resources */ = {
			isa = PBXResourcesBuildPhase;
			buildActionMask = 2147483647;
			files = (
			);
			runOnlyForDeploymentPostprocessing = 0;
		};
		8EECC91E1F6B722000E30C82 /* Resources */ = {
			isa = PBXResourcesBuildPhase;
			buildActionMask = 2147483647;
			files = (
			);
			runOnlyForDeploymentPostprocessing = 0;
		};
/* End PBXResourcesBuildPhase section */

/* Begin PBXSourcesBuildPhase section */
		8EECC8FD1F6B722000E30C82 /* Sources */ = {
			isa = PBXSourcesBuildPhase;
			buildActionMask = 2147483647;
			files = (
				8EECC9071F6B722000E30C82 /* ViewController.swift in Sources */,
				8E1582881F6BA6B20008567A /* RatingControl.swift in Sources */,
				8E15828A1F6CD3810008567A /* Professor.swift in Sources */,
				8EECC9051F6B722000E30C82 /* AppDelegate.swift in Sources */,
			);
			runOnlyForDeploymentPostprocessing = 0;
		};
		8EECC9111F6B722000E30C82 /* Sources */ = {
			isa = PBXSourcesBuildPhase;
			buildActionMask = 2147483647;
			files = (
				8EECC91A1F6B722000E30C82 /* practiceAppTests.swift in Sources */,
			);
			runOnlyForDeploymentPostprocessing = 0;
		};
		8EECC91C1F6B722000E30C82 /* Sources */ = {
			isa = PBXSourcesBuildPhase;
			buildActionMask = 2147483647;
			files = (
				8EECC9251F6B722000E30C82 /* practiceAppUITests.swift in Sources */,
			);
			runOnlyForDeploymentPostprocessing = 0;
		};
/* End PBXSourcesBuildPhase section */

/* Begin PBXTargetDependency section */
		8EECC9171F6B722000E30C82 /* PBXTargetDependency */ = {
			isa = PBXTargetDependency;
			target = 8EECC9001F6B722000E30C82 /* practiceApp */;
			targetProxy = 8EECC9161F6B722000E30C82 /* PBXContainerItemProxy */;
		};
		8EECC9221F6B722000E30C82 /* PBXTargetDependency */ = {
			isa = PBXTargetDependency;
			target = 8EECC9001F6B722000E30C82 /* practiceApp */;
			targetProxy = 8EECC9211F6B722000E30C82 /* PBXContainerItemProxy */;
		};
/* End PBXTargetDependency section */

/* Begin PBXVariantGroup section */
		8EECC9081F6B722000E30C82 /* Main.storyboard */ = {
			isa = PBXVariantGroup;
			children = (
				8EECC9091F6B722000E30C82 /* Base */,
			);
			name = Main.storyboard;
			sourceTree = "<group>";
		};
		8EECC90D1F6B722000E30C82 /* LaunchScreen.storyboard */ = {
			isa = PBXVariantGroup;
			children = (
				8EECC90E1F6B722000E30C82 /* Base */,
			);
			name = LaunchScreen.storyboard;
			sourceTree = "<group>";
		};
/* End PBXVariantGroup section */

/* Begin XCBuildConfiguration section */
		8EECC9271F6B722000E30C82 /* Debug */ = {
			isa = XCBuildConfiguration;
			buildSettings = {
				ALWAYS_SEARCH_USER_PATHS = NO;
				CLANG_ANALYZER_NONNULL = YES;
				CLANG_ANALYZER_NUMBER_OBJECT_CONVERSION = YES_AGGRESSIVE;
				CLANG_CXX_LANGUAGE_STANDARD = "gnu++0x";
				CLANG_CXX_LIBRARY = "libc++";
				CLANG_ENABLE_MODULES = YES;
				CLANG_ENABLE_OBJC_ARC = YES;
				CLANG_WARN_BOOL_CONVERSION = YES;
				CLANG_WARN_CONSTANT_CONVERSION = YES;
				CLANG_WARN_DIRECT_OBJC_ISA_USAGE = YES_ERROR;
				CLANG_WARN_DOCUMENTATION_COMMENTS = YES;
				CLANG_WARN_EMPTY_BODY = YES;
				CLANG_WARN_ENUM_CONVERSION = YES;
				CLANG_WARN_INFINITE_RECURSION = YES;
				CLANG_WARN_INT_CONVERSION = YES;
				CLANG_WARN_OBJC_ROOT_CLASS = YES_ERROR;
				CLANG_WARN_SUSPICIOUS_MOVE = YES;
				CLANG_WARN_UNREACHABLE_CODE = YES;
				CLANG_WARN__DUPLICATE_METHOD_MATCH = YES;
				"CODE_SIGN_IDENTITY[sdk=iphoneos*]" = "iPhone Developer";
				COPY_PHASE_STRIP = NO;
				DEBUG_INFORMATION_FORMAT = dwarf;
				ENABLE_STRICT_OBJC_MSGSEND = YES;
				ENABLE_TESTABILITY = YES;
				GCC_C_LANGUAGE_STANDARD = gnu99;
				GCC_DYNAMIC_NO_PIC = NO;
				GCC_NO_COMMON_BLOCKS = YES;
				GCC_OPTIMIZATION_LEVEL = 0;
				GCC_PREPROCESSOR_DEFINITIONS = (
					"DEBUG=1",
					"$(inherited)",
				);
				GCC_WARN_64_TO_32_BIT_CONVERSION = YES;
				GCC_WARN_ABOUT_RETURN_TYPE = YES_ERROR;
				GCC_WARN_UNDECLARED_SELECTOR = YES;
				GCC_WARN_UNINITIALIZED_AUTOS = YES_AGGRESSIVE;
				GCC_WARN_UNUSED_FUNCTION = YES;
				GCC_WARN_UNUSED_VARIABLE = YES;
				IPHONEOS_DEPLOYMENT_TARGET = 10.3;
				MTL_ENABLE_DEBUG_INFO = YES;
				ONLY_ACTIVE_ARCH = YES;
				SDKROOT = iphoneos;
				SWIFT_ACTIVE_COMPILATION_CONDITIONS = DEBUG;
				SWIFT_OPTIMIZATION_LEVEL = "-Onone";
			};
			name = Debug;
		};
		8EECC9281F6B722000E30C82 /* Release */ = {
			isa = XCBuildConfiguration;
			buildSettings = {
				ALWAYS_SEARCH_USER_PATHS = NO;
				CLANG_ANALYZER_NONNULL = YES;
				CLANG_ANALYZER_NUMBER_OBJECT_CONVERSION = YES_AGGRESSIVE;
				CLANG_CXX_LANGUAGE_STANDARD = "gnu++0x";
				CLANG_CXX_LIBRARY = "libc++";
				CLANG_ENABLE_MODULES = YES;
				CLANG_ENABLE_OBJC_ARC = YES;
				CLANG_WARN_BOOL_CONVERSION = YES;
				CLANG_WARN_CONSTANT_CONVERSION = YES;
				CLANG_WARN_DIRECT_OBJC_ISA_USAGE = YES_ERROR;
				CLANG_WARN_DOCUMENTATION_COMMENTS = YES;
				CLANG_WARN_EMPTY_BODY = YES;
				CLANG_WARN_ENUM_CONVERSION = YES;
				CLANG_WARN_INFINITE_RECURSION = YES;
				CLANG_WARN_INT_CONVERSION = YES;
				CLANG_WARN_OBJC_ROOT_CLASS = YES_ERROR;
				CLANG_WARN_SUSPICIOUS_MOVE = YES;
				CLANG_WARN_UNREACHABLE_CODE = YES;
				CLANG_WARN__DUPLICATE_METHOD_MATCH = YES;
				"CODE_SIGN_IDENTITY[sdk=iphoneos*]" = "iPhone Developer";
				COPY_PHASE_STRIP = NO;
				DEBUG_INFORMATION_FORMAT = "dwarf-with-dsym";
				ENABLE_NS_ASSERTIONS = NO;
				ENABLE_STRICT_OBJC_MSGSEND = YES;
				GCC_C_LANGUAGE_STANDARD = gnu99;
				GCC_NO_COMMON_BLOCKS = YES;
				GCC_WARN_64_TO_32_BIT_CONVERSION = YES;
				GCC_WARN_ABOUT_RETURN_TYPE = YES_ERROR;
				GCC_WARN_UNDECLARED_SELECTOR = YES;
				GCC_WARN_UNINITIALIZED_AUTOS = YES_AGGRESSIVE;
				GCC_WARN_UNUSED_FUNCTION = YES;
				GCC_WARN_UNUSED_VARIABLE = YES;
				IPHONEOS_DEPLOYMENT_TARGET = 10.3;
				MTL_ENABLE_DEBUG_INFO = NO;
				SDKROOT = iphoneos;
				SWIFT_OPTIMIZATION_LEVEL = "-Owholemodule";
				VALIDATE_PRODUCT = YES;
			};
			name = Release;
		};
		8EECC92A1F6B722000E30C82 /* Debug */ = {
			isa = XCBuildConfiguration;
			buildSettings = {
				ASSETCATALOG_COMPILER_APPICON_NAME = AppIcon;
				INFOPLIST_FILE = practiceApp/Info.plist;
				LD_RUNPATH_SEARCH_PATHS = "$(inherited) @executable_path/Frameworks";
				PRODUCT_BUNDLE_IDENTIFIER = CCSF.practiceApp;
				PRODUCT_NAME = "$(TARGET_NAME)";
				SWIFT_VERSION = 3.0;
			};
			name = Debug;
		};
		8EECC92B1F6B722000E30C82 /* Release */ = {
			isa = XCBuildConfiguration;
			buildSettings = {
				ASSETCATALOG_COMPILER_APPICON_NAME = AppIcon;
				INFOPLIST_FILE = practiceApp/Info.plist;
				LD_RUNPATH_SEARCH_PATHS = "$(inherited) @executable_path/Frameworks";
				PRODUCT_BUNDLE_IDENTIFIER = CCSF.practiceApp;
				PRODUCT_NAME = "$(TARGET_NAME)";
				SWIFT_VERSION = 3.0;
			};
			name = Release;
		};
		8EECC92D1F6B722000E30C82 /* Debug */ = {
			isa = XCBuildConfiguration;
			buildSettings = {
				ALWAYS_EMBED_SWIFT_STANDARD_LIBRARIES = YES;
				BUNDLE_LOADER = "$(TEST_HOST)";
				INFOPLIST_FILE = practiceAppTests/Info.plist;
				LD_RUNPATH_SEARCH_PATHS = "$(inherited) @executable_path/Frameworks @loader_path/Frameworks";
				PRODUCT_BUNDLE_IDENTIFIER = CCSF.practiceAppTests;
				PRODUCT_NAME = "$(TARGET_NAME)";
				SWIFT_VERSION = 3.0;
				TEST_HOST = "$(BUILT_PRODUCTS_DIR)/practiceApp.app/practiceApp";
			};
			name = Debug;
		};
		8EECC92E1F6B722000E30C82 /* Release */ = {
			isa = XCBuildConfiguration;
			buildSettings = {
				ALWAYS_EMBED_SWIFT_STANDARD_LIBRARIES = YES;
				BUNDLE_LOADER = "$(TEST_HOST)";
				INFOPLIST_FILE = practiceAppTests/Info.plist;
				LD_RUNPATH_SEARCH_PATHS = "$(inherited) @executable_path/Frameworks @loader_path/Frameworks";
				PRODUCT_BUNDLE_IDENTIFIER = CCSF.practiceAppTests;
				PRODUCT_NAME = "$(TARGET_NAME)";
				SWIFT_VERSION = 3.0;
				TEST_HOST = "$(BUILT_PRODUCTS_DIR)/practiceApp.app/practiceApp";
			};
			name = Release;
		};
		8EECC9301F6B722000E30C82 /* Debug */ = {
			isa = XCBuildConfiguration;
			buildSettings = {
				ALWAYS_EMBED_SWIFT_STANDARD_LIBRARIES = YES;
				INFOPLIST_FILE = practiceAppUITests/Info.plist;
				LD_RUNPATH_SEARCH_PATHS = "$(inherited) @executable_path/Frameworks @loader_path/Frameworks";
				PRODUCT_BUNDLE_IDENTIFIER = CCSF.practiceAppUITests;
				PRODUCT_NAME = "$(TARGET_NAME)";
				SWIFT_VERSION = 3.0;
				TEST_TARGET_NAME = practiceApp;
			};
			name = Debug;
		};
		8EECC9311F6B722000E30C82 /* Release */ = {
			isa = XCBuildConfiguration;
			buildSettings = {
				ALWAYS_EMBED_SWIFT_STANDARD_LIBRARIES = YES;
				INFOPLIST_FILE = practiceAppUITests/Info.plist;
				LD_RUNPATH_SEARCH_PATHS = "$(inherited) @executable_path/Frameworks @loader_path/Frameworks";
				PRODUCT_BUNDLE_IDENTIFIER = CCSF.practiceAppUITests;
				PRODUCT_NAME = "$(TARGET_NAME)";
				SWIFT_VERSION = 3.0;
				TEST_TARGET_NAME = practiceApp;
			};
			name = Release;
		};
/* End XCBuildConfiguration section */

/* Begin XCConfigurationList section */
		8EECC8FC1F6B722000E30C82 /* Build configuration list for PBXProject "practiceApp" */ = {
			isa = XCConfigurationList;
			buildConfigurations = (
				8EECC9271F6B722000E30C82 /* Debug */,
				8EECC9281F6B722000E30C82 /* Release */,
			);
			defaultConfigurationIsVisible = 0;
			defaultConfigurationName = Release;
		};
		8EECC9291F6B722000E30C82 /* Build configuration list for PBXNativeTarget "practiceApp" */ = {
			isa = XCConfigurationList;
			buildConfigurations = (
				8EECC92A1F6B722000E30C82 /* Debug */,
				8EECC92B1F6B722000E30C82 /* Release */,
			);
			defaultConfigurationIsVisible = 0;
			defaultConfigurationName = Release;
		};
		8EECC92C1F6B722000E30C82 /* Build configuration list for PBXNativeTarget "practiceAppTests" */ = {
			isa = XCConfigurationList;
			buildConfigurations = (
				8EECC92D1F6B722000E30C82 /* Debug */,
				8EECC92E1F6B722000E30C82 /* Release */,
			);
			defaultConfigurationIsVisible = 0;
			defaultConfigurationName = Release;
		};
		8EECC92F1F6B722000E30C82 /* Build configuration list for PBXNativeTarget "practiceAppUITests" */ = {
			isa = XCConfigurationList;
			buildConfigurations = (
				8EECC9301F6B722000E30C82 /* Debug */,
				8EECC9311F6B722000E30C82 /* Release */,
			);
			defaultConfigurationIsVisible = 0;
			defaultConfigurationName = Release;
		};
/* End XCConfigurationList section */
	};
	rootObject = 8EECC8F91F6B722000E30C82 /* Project object */;
}
